
Microsoft Visual Studio Solution File, Format Version 12.00
# Visual Studio 15
VisualStudioVersion = 15.0.28307.106
MinimumVisualStudioVersion = 10.0.40219.1
Project("{FAE04EC0-301F-11D3-BF4B-00C04F79EFBC}") = "web_People", "web_People\web_People.csproj", "{55EA9874-1541-4842-813E-33135EF7B00D}"
EndProject
Project("{FAE04EC0-301F-11D3-BF4B-00C04F79EFBC}") = "PeopleData", "PeopleData\PeopleData.csproj", "{BCF9D67E-4EF0-4835-8E57-7AABBFB86469}"
EndProject
Global
	GlobalSection(SolutionConfigurationPlatforms) = preSolution
		Debug|Any CPU = Debug|Any CPU
		Release|Any CPU = Release|Any CPU
	EndGlobalSection
	GlobalSection(ProjectConfigurationPlatforms) = postSolution
		{55EA9874-1541-4842-813E-33135EF7B00D}.Debug|Any CPU.ActiveCfg = Debug|Any CPU
		{55EA9874-1541-4842-813E-33135EF7B00D}.Debug|Any CPU.Build.0 = Debug|Any CPU
		{55EA9874-1541-4842-813E-33135EF7B00D}.Release|Any CPU.ActiveCfg = Release|Any CPU
		{55EA9874-1541-4842-813E-33135EF7B00D}.Release|Any CPU.Build.0 = Release|Any CPU
		{BCF9D67E-4EF0-4835-8E57-7AABBFB86469}.Debug|Any CPU.ActiveCfg = Debug|Any CPU
		{BCF9D67E-4EF0-4835-8E57-7AABBFB86469}.Debug|Any CPU.Build.0 = Debug|Any CPU
		{BCF9D67E-4EF0-4835-8E57-7AABBFB86469}.Release|Any CPU.ActiveCfg = Release|Any CPU
		{BCF9D67E-4EF0-4835-8E57-7AABBFB86469}.Release|Any CPU.Build.0 = Release|Any CPU
	EndGlobalSection
	GlobalSection(SolutionProperties) = preSolution
		HideSolutionNode = FALSE
	EndGlobalSection
	GlobalSection(ExtensibilityGlobals) = postSolution
		SolutionGuid = {F7149F84-6EFC-41BE-B2D5-BD03331C20D9}
	EndGlobalSection
EndGlobal
